
Microsoft Visual Studio Solution File, Format Version 12.00
# Visual Studio Version 17
VisualStudioVersion = 17.12.35506.116
MinimumVisualStudioVersion = 10.0.40219.1
Project("{FAE04EC0-301F-11D3-BF4B-00C04F79EFBC}") = "TaskManager", "TaskManager\TaskManager.csproj", "{C9820C21-2274-4F28-A795-F545CF0904AC}"
EndProject
Project("{2150E333-8FDC-42A3-9474-1A3956D46DE8}") = "Solution Items", "Solution Items", "{10BCB8E7-0E6B-4A00-A7E1-82FBFDD0C070}"
	ProjectSection(SolutionItems) = preProject
		readme.txt = readme.txt
	EndProjectSection
EndProject
Global
	GlobalSection(SolutionConfigurationPlatforms) = preSolution
		Debug|Any CPU = Debug|Any CPU
		Release|Any CPU = Release|Any CPU
	EndGlobalSection
	GlobalSection(ProjectConfigurationPlatforms) = postSolution
		{C9820C21-2274-4F28-A795-F545CF0904AC}.Debug|Any CPU.ActiveCfg = Debug|Any CPU
		{C9820C21-2274-4F28-A795-F545CF0904AC}.Debug|Any CPU.Build.0 = Debug|Any CPU
		{C9820C21-2274-4F28-A795-F545CF0904AC}.Release|Any CPU.ActiveCfg = Release|Any CPU
		{C9820C21-2274-4F28-A795-F545CF0904AC}.Release|Any CPU.Build.0 = Release|Any CPU
	EndGlobalSection
	GlobalSection(SolutionProperties) = preSolution
		HideSolutionNode = FALSE
	EndGlobalSection
EndGlobal
